<?xml version="1.0" encoding="utf-8"?>
<Project ToolsVersion="4.0" xmlns="http://schemas.microsoft.com/developer/msbuild/2003">
  <ItemGroup>
    <Filter Include="Source Files">
      <UniqueIdentifier>{4FC737F1-C7A5-4376-A066-2A32D752A2FF}</UniqueIdentifier>
      <Extensions>cpp;c;cc;cxx;def;odl;idl;hpj;bat;asm;asmx</Extensions>
    </Filter>
    <Filter Include="Primitives">
      <UniqueIdentifier>{f6380242-452c-4d5d-b86c-8f6f1c4b6308}</UniqueIdentifier>
    </Filter>
    <Filter Include="Camera">
      <UniqueIdentifier>{a8d685db-5cee-4aaa-9759-c0be75e0b5dc}</UniqueIdentifier>
    </Filter>
    <Filter Include="Shaders">
      <UniqueIdentifier>{d47a0c39-6326-4d18-a58f-6d5ddb8288f5}</UniqueIdentifier>
    </Filter>
    <Filter Include="Debug">
      <UniqueIdentifier>{c939de62-5c2c-4d25-95ee-ab9cc636a92a}</UniqueIdentifier>
    </Filter>
  </ItemGroup>
  <ItemGroup>
    <ClCompile Include="GraphicsPad_SMD.cpp">
      <Filter>Source Files</Filter>
    </ClCompile>
    <ClCompile Include="Mainer.cpp">
      <Filter>Source Files</Filter>
    </ClCompile>
    <ClCompile Include="MeGlWindow.cpp">
      <Filter>Source Files</Filter>
    </ClCompile>
    <ClCompile Include="ShapeGenerator.cpp">
      <Filter>Primitives</Filter>
    </ClCompile>
    <ClCompile Include="Camera.cpp">
      <Filter>Camera</Filter>
    </ClCompile>
    <ClCompile Include="MeWidget.cpp">
      <Filter>Source Files</Filter>
    </ClCompile>
    <ClCompile Include="DebugSlider.cpp">
      <Filter>Debug</Filter>
    </ClCompile>
    <ClCompile Include="DebugSlider_Moc_.cpp">
      <Filter>Debug</Filter>
    </ClCompile>
    <ClCompile Include="MeWidget_Moc_.cpp">
      <Filter>Source Files</Filter>
    </ClCompile>
    <ClCompile Include="MeGlWindow_MOC_.cpp">
      <Filter>Source Files</Filter>
    </ClCompile>
  </ItemGroup>
  <ItemGroup>
    <ClInclude Include="MeGlWindow.h" />
    <ClInclude Include="ShapeData.h">
      <Filter>Primitives</Filter>
    </ClInclude>
    <ClInclude Include="Vertex.h">
      <Filter>Primitives</Filter>
    </ClInclude>
    <ClInclude Include="ShapeGenerator.h">
      <Filter>Primitives</Filter>
    </ClInclude>
    <ClInclude Include="TeapotData.h">
      <Filter>Primitives</Filter>
    </ClInclude>
    <ClInclude Include="Camera.h">
      <Filter>Camera</Filter>
    </ClInclude>
    <ClInclude Include="MeWidget.h" />
    <ClInclude Include="DebugSlider.h">
      <Filter>Debug</Filter>
    </ClInclude>
  </ItemGroup>
  <ItemGroup>
    <None Include="VertexShaderCode.glsl">
      <Filter>Shaders</Filter>
    </None>
    <None Include="FragmentShaderCode.glsl">
      <Filter>Shaders</Filter>
    </None>
  </ItemGroup>
</Project>