<?xml version="1.0" encoding="utf-8"?>
<Project ToolsVersion="4.0" xmlns="http://schemas.microsoft.com/developer/msbuild/2003">
  <ItemGroup>
    <Filter Include="Source Files">
      <UniqueIdentifier>{4FC737F1-C7A5-4376-A066-2A32D752A2FF}</UniqueIdentifier>
      <Extensions>cpp;c;cc;cxx;def;odl;idl;hpj;bat;asm;asmx</Extensions>
    </Filter>
    <Filter Include="Primatives">
      <UniqueIdentifier>{6b706fbe-e68d-42b9-8090-2c69b9b18478}</UniqueIdentifier>
    </Filter>
  </ItemGroup>
  <ItemGroup>
    <ClCompile Include="GraphicsPad_SMD.cpp">
      <Filter>Source Files</Filter>
    </ClCompile>
    <ClCompile Include="Mainer.cpp">
      <Filter>Source Files</Filter>
    </ClCompile>
    <ClCompile Include="MeGlWindow.cpp">
      <Filter>Source Files</Filter>
    </ClCompile>
    <ClCompile Include="MeGlWindow_moc.cpp">
      <Filter>Source Files</Filter>
    </ClCompile>
  </ItemGroup>
  <ItemGroup>
    <ClInclude Include="MeGlWindow.h" />
    <ClInclude Include="Vector3D.h" />
    <ClInclude Include="Clock.h" />
  </ItemGroup>
  <ItemGroup>
    <None Include="VertexShaderCode.glsl" />
    <None Include="FragmentShaderCode.glsl" />
  </ItemGroup>
</Project>